
Microsoft Visual Studio Solution File, Format Version 12.00
# Visual Studio Version 17
VisualStudioVersion = 17.6.33829.357
MinimumVisualStudioVersion = 10.0.40219.1
Project("{FAE04EC0-301F-11D3-BF4B-00C04F79EFBC}") = "study_worker", "study_worker\study_worker.csproj", "{D76641ED-9432-48E0-AD6C-4198C7175D1E}"
EndProject
Global
	GlobalSection(SolutionConfigurationPlatforms) = preSolution
		Debug|Any CPU = Debug|Any CPU
		Release|Any CPU = Release|Any CPU
	EndGlobalSection
	GlobalSection(ProjectConfigurationPlatforms) = postSolution
		{D76641ED-9432-48E0-AD6C-4198C7175D1E}.Debug|Any CPU.ActiveCfg = Debug|Any CPU
		{D76641ED-9432-48E0-AD6C-4198C7175D1E}.Debug|Any CPU.Build.0 = Debug|Any CPU
		{D76641ED-9432-48E0-AD6C-4198C7175D1E}.Release|Any CPU.ActiveCfg = Release|Any CPU
		{D76641ED-9432-48E0-AD6C-4198C7175D1E}.Release|Any CPU.Build.0 = Release|Any CPU
	EndGlobalSection
	GlobalSection(SolutionProperties) = preSolution
		HideSolutionNode = FALSE
	EndGlobalSection
	GlobalSection(ExtensibilityGlobals) = postSolution
		SolutionGuid = {B58223C9-E494-47B6-8B70-7D5CAF0F7ECA}
	EndGlobalSection
EndGlobal
