
Microsoft Visual Studio Solution File, Format Version 12.00
# Visual Studio Version 16
VisualStudioVersion = 16.0.33920.266
MinimumVisualStudioVersion = 10.0.40219.1
Project("{FAE04EC0-301F-11D3-BF4B-00C04F79EFBC}") = "test-customMessageBox", "test-customMessageBox\test-customMessageBox.csproj", "{1D7E4B96-CCBD-489A-8D52-39C331C9264A}"
EndProject
Global
	GlobalSection(SolutionConfigurationPlatforms) = preSolution
		Debug|Any CPU = Debug|Any CPU
		Release|Any CPU = Release|Any CPU
	EndGlobalSection
	GlobalSection(ProjectConfigurationPlatforms) = postSolution
		{1D7E4B96-CCBD-489A-8D52-39C331C9264A}.Debug|Any CPU.ActiveCfg = Debug|Any CPU
		{1D7E4B96-CCBD-489A-8D52-39C331C9264A}.Debug|Any CPU.Build.0 = Debug|Any CPU
		{1D7E4B96-CCBD-489A-8D52-39C331C9264A}.Release|Any CPU.ActiveCfg = Release|Any CPU
		{1D7E4B96-CCBD-489A-8D52-39C331C9264A}.Release|Any CPU.Build.0 = Release|Any CPU
	EndGlobalSection
	GlobalSection(SolutionProperties) = preSolution
		HideSolutionNode = FALSE
	EndGlobalSection
	GlobalSection(ExtensibilityGlobals) = postSolution
		SolutionGuid = {0EDC620B-C33D-4967-8614-BEC8B97A148E}
	EndGlobalSection
EndGlobal
