
Microsoft Visual Studio Solution File, Format Version 12.00
# Visual Studio Version 17
VisualStudioVersion = 17.6.33829.357
MinimumVisualStudioVersion = 10.0.40219.1
Project("{FAE04EC0-301F-11D3-BF4B-00C04F79EFBC}") = "05_Enum", "05_Enum\05_Enum.csproj", "{BDE179D9-997B-4EE7-88FD-B48C33DF3079}"
EndProject
Global
	GlobalSection(SolutionConfigurationPlatforms) = preSolution
		Debug|Any CPU = Debug|Any CPU
		Release|Any CPU = Release|Any CPU
	EndGlobalSection
	GlobalSection(ProjectConfigurationPlatforms) = postSolution
		{BDE179D9-997B-4EE7-88FD-B48C33DF3079}.Debug|Any CPU.ActiveCfg = Debug|Any CPU
		{BDE179D9-997B-4EE7-88FD-B48C33DF3079}.Debug|Any CPU.Build.0 = Debug|Any CPU
		{BDE179D9-997B-4EE7-88FD-B48C33DF3079}.Release|Any CPU.ActiveCfg = Release|Any CPU
		{BDE179D9-997B-4EE7-88FD-B48C33DF3079}.Release|Any CPU.Build.0 = Release|Any CPU
	EndGlobalSection
	GlobalSection(SolutionProperties) = preSolution
		HideSolutionNode = FALSE
	EndGlobalSection
	GlobalSection(ExtensibilityGlobals) = postSolution
		SolutionGuid = {B31857A0-4309-41FD-9664-33249DF94F6C}
	EndGlobalSection
EndGlobal
