
Microsoft Visual Studio Solution File, Format Version 12.00
# Visual Studio Version 16
VisualStudioVersion = 16.0.33920.266
MinimumVisualStudioVersion = 10.0.40219.1
Project("{FAE04EC0-301F-11D3-BF4B-00C04F79EFBC}") = "study-dictionary", "study-dictionary\study-dictionary.csproj", "{BA297386-58A8-4994-AF3A-7E247AF48475}"
EndProject
Global
	GlobalSection(SolutionConfigurationPlatforms) = preSolution
		Debug|Any CPU = Debug|Any CPU
		Release|Any CPU = Release|Any CPU
	EndGlobalSection
	GlobalSection(ProjectConfigurationPlatforms) = postSolution
		{BA297386-58A8-4994-AF3A-7E247AF48475}.Debug|Any CPU.ActiveCfg = Debug|Any CPU
		{BA297386-58A8-4994-AF3A-7E247AF48475}.Debug|Any CPU.Build.0 = Debug|Any CPU
		{BA297386-58A8-4994-AF3A-7E247AF48475}.Release|Any CPU.ActiveCfg = Release|Any CPU
		{BA297386-58A8-4994-AF3A-7E247AF48475}.Release|Any CPU.Build.0 = Release|Any CPU
	EndGlobalSection
	GlobalSection(SolutionProperties) = preSolution
		HideSolutionNode = FALSE
	EndGlobalSection
	GlobalSection(ExtensibilityGlobals) = postSolution
		SolutionGuid = {5A0EA1B6-8940-48A6-A39E-D5BEA1179EE5}
	EndGlobalSection
EndGlobal
