
Microsoft Visual Studio Solution File, Format Version 12.00
# Visual Studio Version 16
VisualStudioVersion = 16.0.33920.266
MinimumVisualStudioVersion = 10.0.40219.1
Project("{FAE04EC0-301F-11D3-BF4B-00C04F79EFBC}") = "test_BackgroundWorker", "test_BackgroundWorker\test_BackgroundWorker.csproj", "{3C629640-5106-41D8-B0DB-CA21E3882066}"
EndProject
Global
	GlobalSection(SolutionConfigurationPlatforms) = preSolution
		Debug|Any CPU = Debug|Any CPU
		Release|Any CPU = Release|Any CPU
	EndGlobalSection
	GlobalSection(ProjectConfigurationPlatforms) = postSolution
		{3C629640-5106-41D8-B0DB-CA21E3882066}.Debug|Any CPU.ActiveCfg = Debug|Any CPU
		{3C629640-5106-41D8-B0DB-CA21E3882066}.Debug|Any CPU.Build.0 = Debug|Any CPU
		{3C629640-5106-41D8-B0DB-CA21E3882066}.Release|Any CPU.ActiveCfg = Release|Any CPU
		{3C629640-5106-41D8-B0DB-CA21E3882066}.Release|Any CPU.Build.0 = Release|Any CPU
	EndGlobalSection
	GlobalSection(SolutionProperties) = preSolution
		HideSolutionNode = FALSE
	EndGlobalSection
	GlobalSection(ExtensibilityGlobals) = postSolution
		SolutionGuid = {FF86D699-68F2-4709-AB61-CAD981C0E0FD}
	EndGlobalSection
EndGlobal
