
Microsoft Visual Studio Solution File, Format Version 12.00
# Visual Studio Version 16
VisualStudioVersion = 16.0.33920.266
MinimumVisualStudioVersion = 10.0.40219.1
Project("{FAE04EC0-301F-11D3-BF4B-00C04F79EFBC}") = "study-folder", "study-folder\study-folder.csproj", "{46D67CEC-32C5-449B-B615-C48AA6D64500}"
EndProject
Global
	GlobalSection(SolutionConfigurationPlatforms) = preSolution
		Debug|Any CPU = Debug|Any CPU
		Release|Any CPU = Release|Any CPU
	EndGlobalSection
	GlobalSection(ProjectConfigurationPlatforms) = postSolution
		{46D67CEC-32C5-449B-B615-C48AA6D64500}.Debug|Any CPU.ActiveCfg = Debug|Any CPU
		{46D67CEC-32C5-449B-B615-C48AA6D64500}.Debug|Any CPU.Build.0 = Debug|Any CPU
		{46D67CEC-32C5-449B-B615-C48AA6D64500}.Release|Any CPU.ActiveCfg = Release|Any CPU
		{46D67CEC-32C5-449B-B615-C48AA6D64500}.Release|Any CPU.Build.0 = Release|Any CPU
	EndGlobalSection
	GlobalSection(SolutionProperties) = preSolution
		HideSolutionNode = FALSE
	EndGlobalSection
	GlobalSection(ExtensibilityGlobals) = postSolution
		SolutionGuid = {3AE89399-3129-4455-BDF3-0FA1E2398925}
	EndGlobalSection
EndGlobal
