
Microsoft Visual Studio Solution File, Format Version 12.00
# Visual Studio Version 17
VisualStudioVersion = 17.6.33829.357
MinimumVisualStudioVersion = 10.0.40219.1
Project("{FAE04EC0-301F-11D3-BF4B-00C04F79EFBC}") = "01_String", "01_String\01_String.csproj", "{83E4D193-5215-440E-944B-78C06246EE70}"
EndProject
Global
	GlobalSection(SolutionConfigurationPlatforms) = preSolution
		Debug|Any CPU = Debug|Any CPU
		Release|Any CPU = Release|Any CPU
	EndGlobalSection
	GlobalSection(ProjectConfigurationPlatforms) = postSolution
		{83E4D193-5215-440E-944B-78C06246EE70}.Debug|Any CPU.ActiveCfg = Debug|Any CPU
		{83E4D193-5215-440E-944B-78C06246EE70}.Debug|Any CPU.Build.0 = Debug|Any CPU
		{83E4D193-5215-440E-944B-78C06246EE70}.Release|Any CPU.ActiveCfg = Release|Any CPU
		{83E4D193-5215-440E-944B-78C06246EE70}.Release|Any CPU.Build.0 = Release|Any CPU
	EndGlobalSection
	GlobalSection(SolutionProperties) = preSolution
		HideSolutionNode = FALSE
	EndGlobalSection
	GlobalSection(ExtensibilityGlobals) = postSolution
		SolutionGuid = {DF6C3FAE-6BDF-4A12-A824-32F0FC88718C}
	EndGlobalSection
EndGlobal
